<Solution>
  <Folder Name="/src/">
    <Project Path="src/SecretPrinter.Advertising/SecretPrinter.Advertising.csproj" />
    <Project Path="src/SecretPrinter.Configuration/SecretPrinter.Configuration.csproj" />
    <Project Path="src/SecretPrinter.Dns/SecretPrinter.Dns.csproj" />
    <Project Path="src/SecretPrinter.Mdns/SecretPrinter.Mdns.csproj" />
    <Project Path="src/SecretPrinter.Proxy/SecretPrinter.Proxy.csproj" />
    <Project Path="src/SecretPrinter.Resolution/SecretPrinter.Resolution.csproj" />
    <Project Path="src/SecretPrinter.Responder/SecretPrinter.Responder.csproj" />
    <Project Path="src/SecretPrinter.Service/SecretPrinter.Service.csproj" />
    <Project Path="src/SecretPrinter.Spec/SecretPrinter.Spec.csproj" />
  </Folder>
  <Folder Name="/tests/">
    <Project Path="tests/SecretPrinter.Advertising.Tests/SecretPrinter.Advertising.Tests.csproj" />
    <Project Path="tests/SecretPrinter.Configuration.Tests/SecretPrinter.Configuration.Tests.csproj" />
    <Project Path="tests/SecretPrinter.Mdns.Tests/SecretPrinter.Mdns.Tests.csproj" />
    <Project Path="tests/SecretPrinter.Proxy.Tests/SecretPrinter.Proxy.Tests.csproj" />
    <Project Path="tests/SecretPrinter.Resolution.Tests/SecretPrinter.Resolution.Tests.csproj" />
    <Project Path="tests/SecretPrinter.Responder.Tests/SecretPrinter.Responder.Tests.csproj" />
    <Project Path="tests/SecretPrinter.Service.Tests/SecretPrinter.Service.Tests.csproj" />
    <Project Path="tests/SecretPrinter.TestKit/SecretPrinter.TestKit.csproj" />
  </Folder>
  <Folder Name="/tools/">
    <Project Path="tools/SecretPrinter.Listen/SecretPrinter.Listen.csproj" />
    <Project Path="tools/SecretPrinter.Probe/SecretPrinter.Probe.csproj" />
    <Project Path="tools/SecretPrinter.Respond/SecretPrinter.Respond.csproj" />
    <Project Path="tools/SecretPrinter.SpecCheck/SecretPrinter.SpecCheck.csproj" />
  </Folder>
</Solution>
